
Microsoft Visual Studio Solution File, Format Version 12.00
# Visual Studio Version 17
VisualStudioVersion = 17.8.34330.188
MinimumVisualStudioVersion = 10.0.40219.1
Project("{9092AA53-FB77-4645-B42D-1CCCA6BD08BD}") = "Decorator", "Decorator\Decorator.njsproj", "{57C211FC-BA81-4BC3-8709-D2E2A6F8E422}"
EndProject
Global
	GlobalSection(SolutionConfigurationPlatforms) = preSolution
		Debug|Any CPU = Debug|Any CPU
		Release|Any CPU = Release|Any CPU
	EndGlobalSection
	GlobalSection(ProjectConfigurationPlatforms) = postSolution
		{57C211FC-BA81-4BC3-8709-D2E2A6F8E422}.Debug|Any CPU.ActiveCfg = Debug|Any CPU
		{57C211FC-BA81-4BC3-8709-D2E2A6F8E422}.Debug|Any CPU.Build.0 = Debug|Any CPU
		{57C211FC-BA81-4BC3-8709-D2E2A6F8E422}.Release|Any CPU.ActiveCfg = Release|Any CPU
		{57C211FC-BA81-4BC3-8709-D2E2A6F8E422}.Release|Any CPU.Build.0 = Release|Any CPU
	EndGlobalSection
	GlobalSection(SolutionProperties) = preSolution
		HideSolutionNode = FALSE
	EndGlobalSection
	GlobalSection(ExtensibilityGlobals) = postSolution
		SolutionGuid = {B74F5820-1021-476F-ACA5-5F54F527CCEF}
	EndGlobalSection
EndGlobal
